// !$*UTF8*$!
{
	archiveVersion = 1;
	classes = {
	};
	objectVersion = 50;
	objects = {

/* Begin PBXBuildFile section */
		0067AC71265AC3F857C1ED2A /* Pods_SocialiseTests.framework in Frameworks */ = {isa = PBXBuildFile; fileRef = 0885D889BC28F183095406B3 /* Pods_SocialiseTests.framework */; };
		41562B1E854274ED44C05B7D /* Pods_Socialise.framework in Frameworks */ = {isa = PBXBuildFile; fileRef = BFB26FDBECB462CD577CA7A5 /* Pods_Socialise.framework */; };
		F852969520AF85AE00BAD3CD /* AppDelegate.swift in Sources */ = {isa = PBXBuildFile; fileRef = F852969420AF85AE00BAD3CD /* AppDelegate.swift */; };
		F852969720AF85AE00BAD3CD /* SignInVC.swift in Sources */ = {isa = PBXBuildFile; fileRef = F852969620AF85AE00BAD3CD /* SignInVC.swift */; };
		F852969A20AF85AE00BAD3CD /* Main.storyboard in Resources */ = {isa = PBXBuildFile; fileRef = F852969820AF85AE00BAD3CD /* Main.storyboard */; };
		F852969C20AF85B200BAD3CD /* Assets.xcassets in Resources */ = {isa = PBXBuildFile; fileRef = F852969B20AF85B200BAD3CD /* Assets.xcassets */; };
		F852969F20AF85B200BAD3CD /* LaunchScreen.storyboard in Resources */ = {isa = PBXBuildFile; fileRef = F852969D20AF85B200BAD3CD /* LaunchScreen.storyboard */; };
		F85296AA20AF85B300BAD3CD /* SocialiseTests.swift in Sources */ = {isa = PBXBuildFile; fileRef = F85296A920AF85B300BAD3CD /* SocialiseTests.swift */; };
		F85296B520AF85B300BAD3CD /* SocialiseUITests.swift in Sources */ = {isa = PBXBuildFile; fileRef = F85296B420AF85B300BAD3CD /* SocialiseUITests.swift */; };
		F85296C320AF865000BAD3CD /* GoogleService-Info.plist in Resources */ = {isa = PBXBuildFile; fileRef = F85296C220AF865000BAD3CD /* GoogleService-Info.plist */; };
		F893EFF520B487890006827B /* FancyView.swift in Sources */ = {isa = PBXBuildFile; fileRef = F893EFF420B487890006827B /* FancyView.swift */; };
		F893EFF820B487E50006827B /* Constants.swift in Sources */ = {isa = PBXBuildFile; fileRef = F893EFF720B487E50006827B /* Constants.swift */; };
		F893EFFA20B489330006827B /* RoundBtn.swift in Sources */ = {isa = PBXBuildFile; fileRef = F893EFF920B489330006827B /* RoundBtn.swift */; };
		F8BCC8FA20C735A500EFA044 /* FeedVC.swift in Sources */ = {isa = PBXBuildFile; fileRef = F8BCC8F920C735A500EFA044 /* FeedVC.swift */; };
		F8C3EB5720C5E2A800F65C74 /* FancyBtn.swift in Sources */ = {isa = PBXBuildFile; fileRef = F8C3EB5620C5E2A800F65C74 /* FancyBtn.swift */; };
		F8C3EB5920C5E47400F65C74 /* FancyField.swift in Sources */ = {isa = PBXBuildFile; fileRef = F8C3EB5820C5E47400F65C74 /* FancyField.swift */; };
		F9155563BAFF54E138C94203 /* Pods_SocialiseUITests.framework in Frameworks */ = {isa = PBXBuildFile; fileRef = 01F668C6845EEFD1BE1C8672 /* Pods_SocialiseUITests.framework */; };
/* End PBXBuildFile section */

/* Begin PBXContainerItemProxy section */
		F85296A620AF85B300BAD3CD /* PBXContainerItemProxy */ = {
			isa = PBXContainerItemProxy;
			containerPortal = F852968920AF85AE00BAD3CD /* Project object */;
			proxyType = 1;
			remoteGlobalIDString = F852969020AF85AE00BAD3CD;
			remoteInfo = Socialise;
		};
		F85296B120AF85B300BAD3CD /* PBXContainerItemProxy */ = {
			isa = PBXContainerItemProxy;
			containerPortal = F852968920AF85AE00BAD3CD /* Project object */;
			proxyType = 1;
			remoteGlobalIDString = F852969020AF85AE00BAD3CD;
			remoteInfo = Socialise;
		};
/* End PBXContainerItemProxy section */

/* Begin PBXFileReference section */
		01F668C6845EEFD1BE1C8672 /* Pods_SocialiseUITests.framework */ = {isa = PBXFileReference; explicitFileType = wrapper.framework; includeInIndex = 0; path = Pods_SocialiseUITests.framework; sourceTree = BUILT_PRODUCTS_DIR; };
		0885D889BC28F183095406B3 /* Pods_SocialiseTests.framework */ = {isa = PBXFileReference; explicitFileType = wrapper.framework; includeInIndex = 0; path = Pods_SocialiseTests.framework; sourceTree = BUILT_PRODUCTS_DIR; };
		1ABC54C4AD8FC7497B55C1C3 /* Pods-SocialiseUITests.debug.xcconfig */ = {isa = PBXFileReference; includeInIndex = 1; lastKnownFileType = text.xcconfig; name = "Pods-SocialiseUITests.debug.xcconfig"; path = "Pods/Target Support Files/Pods-SocialiseUITests/Pods-SocialiseUITests.debug.xcconfig"; sourceTree = "<group>"; };
		1FE4F917B54C0A57E8B76060 /* Pods-Socialise.release.xcconfig */ = {isa = PBXFileReference; includeInIndex = 1; lastKnownFileType = text.xcconfig; name = "Pods-Socialise.release.xcconfig"; path = "Pods/Target Support Files/Pods-Socialise/Pods-Socialise.release.xcconfig"; sourceTree = "<group>"; };
		6A724DEBBFEC3A794BDDD0AF /* Pods-SocialiseUITests.release.xcconfig */ = {isa = PBXFileReference; includeInIndex = 1; lastKnownFileType = text.xcconfig; name = "Pods-SocialiseUITests.release.xcconfig"; path = "Pods/Target Support Files/Pods-SocialiseUITests/Pods-SocialiseUITests.release.xcconfig"; sourceTree = "<group>"; };
		A23657A1B846E37AC5F43072 /* Pods-Socialise.debug.xcconfig */ = {isa = PBXFileReference; includeInIndex = 1; lastKnownFileType = text.xcconfig; name = "Pods-Socialise.debug.xcconfig"; path = "Pods/Target Support Files/Pods-Socialise/Pods-Socialise.debug.xcconfig"; sourceTree = "<group>"; };
		BFB26FDBECB462CD577CA7A5 /* Pods_Socialise.framework */ = {isa = PBXFileReference; explicitFileType = wrapper.framework; includeInIndex = 0; path = Pods_Socialise.framework; sourceTree = BUILT_PRODUCTS_DIR; };
		CF458AEDA7CD372E0BBD0617 /* Pods-SocialiseTests.debug.xcconfig */ = {isa = PBXFileReference; includeInIndex = 1; lastKnownFileType = text.xcconfig; name = "Pods-SocialiseTests.debug.xcconfig"; path = "Pods/Target Support Files/Pods-SocialiseTests/Pods-SocialiseTests.debug.xcconfig"; sourceTree = "<group>"; };
		F852969120AF85AE00BAD3CD /* Socialise.app */ = {isa = PBXFileReference; explicitFileType = wrapper.application; includeInIndex = 0; path = Socialise.app; sourceTree = BUILT_PRODUCTS_DIR; };
		F852969420AF85AE00BAD3CD /* AppDelegate.swift */ = {isa = PBXFileReference; lastKnownFileType = sourcecode.swift; path = AppDelegate.swift; sourceTree = "<group>"; };
		F852969620AF85AE00BAD3CD /* SignInVC.swift */ = {isa = PBXFileReference; lastKnownFileType = sourcecode.swift; path = SignInVC.swift; sourceTree = "<group>"; };
		F852969920AF85AE00BAD3CD /* Base */ = {isa = PBXFileReference; lastKnownFileType = file.storyboard; name = Base; path = Base.lproj/Main.storyboard; sourceTree = "<group>"; };
		F852969B20AF85B200BAD3CD /* Assets.xcassets */ = {isa = PBXFileReference; lastKnownFileType = folder.assetcatalog; path = Assets.xcassets; sourceTree = "<group>"; };
		F852969E20AF85B200BAD3CD /* Base */ = {isa = PBXFileReference; lastKnownFileType = file.storyboard; name = Base; path = Base.lproj/LaunchScreen.storyboard; sourceTree = "<group>"; };
		F85296A020AF85B200BAD3CD /* Info.plist */ = {isa = PBXFileReference; lastKnownFileType = text.plist.xml; path = Info.plist; sourceTree = "<group>"; };
		F85296A520AF85B300BAD3CD /* SocialiseTests.xctest */ = {isa = PBXFileReference; explicitFileType = wrapper.cfbundle; includeInIndex = 0; path = SocialiseTests.xctest; sourceTree = BUILT_PRODUCTS_DIR; };
		F85296A920AF85B300BAD3CD /* SocialiseTests.swift */ = {isa = PBXFileReference; lastKnownFileType = sourcecode.swift; path = SocialiseTests.swift; sourceTree = "<group>"; };
		F85296AB20AF85B300BAD3CD /* Info.plist */ = {isa = PBXFileReference; lastKnownFileType = text.plist.xml; path = Info.plist; sourceTree = "<group>"; };
		F85296B020AF85B300BAD3CD /* SocialiseUITests.xctest */ = {isa = PBXFileReference; explicitFileType = wrapper.cfbundle; includeInIndex = 0; path = SocialiseUITests.xctest; sourceTree = BUILT_PRODUCTS_DIR; };
		F85296B420AF85B300BAD3CD /* SocialiseUITests.swift */ = {isa = PBXFileReference; lastKnownFileType = sourcecode.swift; path = SocialiseUITests.swift; sourceTree = "<group>"; };
		F85296B620AF85B300BAD3CD /* Info.plist */ = {isa = PBXFileReference; lastKnownFileType = text.plist.xml; path = Info.plist; sourceTree = "<group>"; };
		F85296C220AF865000BAD3CD /* GoogleService-Info.plist */ = {isa = PBXFileReference; fileEncoding = 4; lastKnownFileType = text.plist.xml; path = "GoogleService-Info.plist"; sourceTree = SOURCE_ROOT; };
		F893EFF420B487890006827B /* FancyView.swift */ = {isa = PBXFileReference; lastKnownFileType = sourcecode.swift; path = FancyView.swift; sourceTree = "<group>"; };
		F893EFF720B487E50006827B /* Constants.swift */ = {isa = PBXFileReference; lastKnownFileType = sourcecode.swift; path = Constants.swift; sourceTree = "<group>"; };
		F893EFF920B489330006827B /* RoundBtn.swift */ = {isa = PBXFileReference; lastKnownFileType = sourcecode.swift; path = RoundBtn.swift; sourceTree = "<group>"; };
		F8BCC8F920C735A500EFA044 /* FeedVC.swift */ = {isa = PBXFileReference; lastKnownFileType = sourcecode.swift; path = FeedVC.swift; sourceTree = "<group>"; };
		F8C3EB5620C5E2A800F65C74 /* FancyBtn.swift */ = {isa = PBXFileReference; lastKnownFileType = sourcecode.swift; path = FancyBtn.swift; sourceTree = "<group>"; };
		F8C3EB5820C5E47400F65C74 /* FancyField.swift */ = {isa = PBXFileReference; lastKnownFileType = sourcecode.swift; path = FancyField.swift; sourceTree = "<group>"; };
		F8C3EB5A20C5EFAB00F65C74 /* Socialise.entitlements */ = {isa = PBXFileReference; lastKnownFileType = text.plist.entitlements; path = Socialise.entitlements; sourceTree = "<group>"; };
		FFDC2692AF63AD7B3F07F6BD /* Pods-SocialiseTests.release.xcconfig */ = {isa = PBXFileReference; includeInIndex = 1; lastKnownFileType = text.xcconfig; name = "Pods-SocialiseTests.release.xcconfig"; path = "Pods/Target Support Files/Pods-SocialiseTests/Pods-SocialiseTests.release.xcconfig"; sourceTree = "<group>"; };
/* End PBXFileReference section */

/* Begin PBXFrameworksBuildPhase section */
		F852968E20AF85AE00BAD3CD /* Frameworks */ = {
			isa = PBXFrameworksBuildPhase;
			buildActionMask = 2147483647;
			files = (
				41562B1E854274ED44C05B7D /* Pods_Socialise.framework in Frameworks */,
			);
			runOnlyForDeploymentPostprocessing = 0;
		};
		F85296A220AF85B300BAD3CD /* Frameworks */ = {
			isa = PBXFrameworksBuildPhase;
			buildActionMask = 2147483647;
			files = (
				0067AC71265AC3F857C1ED2A /* Pods_SocialiseTests.framework in Frameworks */,
			);
			runOnlyForDeploymentPostprocessing = 0;
		};
		F85296AD20AF85B300BAD3CD /* Frameworks */ = {
			isa = PBXFrameworksBuildPhase;
			buildActionMask = 2147483647;
			files = (
				F9155563BAFF54E138C94203 /* Pods_SocialiseUITests.framework in Frameworks */,
			);
			runOnlyForDeploymentPostprocessing = 0;
		};
/* End PBXFrameworksBuildPhase section */

/* Begin PBXGroup section */
		8929CE71547946B69811DD68 /* Pods */ = {
			isa = PBXGroup;
			children = (
				A23657A1B846E37AC5F43072 /* Pods-Socialise.debug.xcconfig */,
				1FE4F917B54C0A57E8B76060 /* Pods-Socialise.release.xcconfig */,
				CF458AEDA7CD372E0BBD0617 /* Pods-SocialiseTests.debug.xcconfig */,
				FFDC2692AF63AD7B3F07F6BD /* Pods-SocialiseTests.release.xcconfig */,
				1ABC54C4AD8FC7497B55C1C3 /* Pods-SocialiseUITests.debug.xcconfig */,
				6A724DEBBFEC3A794BDDD0AF /* Pods-SocialiseUITests.release.xcconfig */,
			);
			name = Pods;
			sourceTree = "<group>";
		};
		D4E4FAFD2FEDB88DEA15E628 /* Frameworks */ = {
			isa = PBXGroup;
			children = (
				BFB26FDBECB462CD577CA7A5 /* Pods_Socialise.framework */,
				0885D889BC28F183095406B3 /* Pods_SocialiseTests.framework */,
				01F668C6845EEFD1BE1C8672 /* Pods_SocialiseUITests.framework */,
			);
			name = Frameworks;
			sourceTree = "<group>";
		};
		F852968820AF85AE00BAD3CD = {
			isa = PBXGroup;
			children = (
				F852969320AF85AE00BAD3CD /* Socialise */,
				F85296A820AF85B300BAD3CD /* SocialiseTests */,
				F85296B320AF85B300BAD3CD /* SocialiseUITests */,
				F852969220AF85AE00BAD3CD /* Products */,
				8929CE71547946B69811DD68 /* Pods */,
				D4E4FAFD2FEDB88DEA15E628 /* Frameworks */,
			);
			sourceTree = "<group>";
		};
		F852969220AF85AE00BAD3CD /* Products */ = {
			isa = PBXGroup;
			children = (
				F852969120AF85AE00BAD3CD /* Socialise.app */,
				F85296A520AF85B300BAD3CD /* SocialiseTests.xctest */,
				F85296B020AF85B300BAD3CD /* SocialiseUITests.xctest */,
			);
			name = Products;
			sourceTree = "<group>";
		};
		F852969320AF85AE00BAD3CD /* Socialise */ = {
			isa = PBXGroup;
			children = (
				F8C3EB5A20C5EFAB00F65C74 /* Socialise.entitlements */,
				F893EFF620B487D70006827B /* Utilities */,
				F85296C420AF89E800BAD3CD /* Model */,
				F85296C520AF89EE00BAD3CD /* Controller */,
				F85296C620AF89F500BAD3CD /* View */,
				F852969420AF85AE00BAD3CD /* AppDelegate.swift */,
				F852969820AF85AE00BAD3CD /* Main.storyboard */,
				F852969B20AF85B200BAD3CD /* Assets.xcassets */,
				F852969D20AF85B200BAD3CD /* LaunchScreen.storyboard */,
				F85296A020AF85B200BAD3CD /* Info.plist */,
				F85296C220AF865000BAD3CD /* GoogleService-Info.plist */,
			);
			path = Socialise;
			sourceTree = "<group>";
		};
		F85296A820AF85B300BAD3CD /* SocialiseTests */ = {
			isa = PBXGroup;
			children = (
				F85296A920AF85B300BAD3CD /* SocialiseTests.swift */,
				F85296AB20AF85B300BAD3CD /* Info.plist */,
			);
			path = SocialiseTests;
			sourceTree = "<group>";
		};
		F85296B320AF85B300BAD3CD /* SocialiseUITests */ = {
			isa = PBXGroup;
			children = (
				F85296B420AF85B300BAD3CD /* SocialiseUITests.swift */,
				F85296B620AF85B300BAD3CD /* Info.plist */,
			);
			path = SocialiseUITests;
			sourceTree = "<group>";
		};
		F85296C420AF89E800BAD3CD /* Model */ = {
			isa = PBXGroup;
			children = (
			);
			path = Model;
			sourceTree = "<group>";
		};
		F85296C520AF89EE00BAD3CD /* Controller */ = {
			isa = PBXGroup;
			children = (
				F852969620AF85AE00BAD3CD /* SignInVC.swift */,
				F8BCC8F920C735A500EFA044 /* FeedVC.swift */,
			);
			path = Controller;
			sourceTree = "<group>";
		};
		F85296C620AF89F500BAD3CD /* View */ = {
			isa = PBXGroup;
			children = (
				F893EFF420B487890006827B /* FancyView.swift */,
				F893EFF920B489330006827B /* RoundBtn.swift */,
				F8C3EB5620C5E2A800F65C74 /* FancyBtn.swift */,
				F8C3EB5820C5E47400F65C74 /* FancyField.swift */,
			);
			path = View;
			sourceTree = "<group>";
		};
		F893EFF620B487D70006827B /* Utilities */ = {
			isa = PBXGroup;
			children = (
				F893EFF720B487E50006827B /* Constants.swift */,
			);
			path = Utilities;
			sourceTree = "<group>";
		};
/* End PBXGroup section */

/* Begin PBXNativeTarget section */
		F852969020AF85AE00BAD3CD /* Socialise */ = {
			isa = PBXNativeTarget;
			buildConfigurationList = F85296B920AF85B300BAD3CD /* Build configuration list for PBXNativeTarget "Socialise" */;
			buildPhases = (
				C623740A089E9A9C25F322FF /* [CP] Check Pods Manifest.lock */,
				F852968D20AF85AE00BAD3CD /* Sources */,
				F852968E20AF85AE00BAD3CD /* Frameworks */,
				F852968F20AF85AE00BAD3CD /* Resources */,
				3CED9B09822ACA751D0341E8 /* [CP] Embed Pods Frameworks */,
			);
			buildRules = (
			);
			dependencies = (
			);
			name = Socialise;
			productName = Socialise;
			productReference = F852969120AF85AE00BAD3CD /* Socialise.app */;
			productType = "com.apple.product-type.application";
		};
		F85296A420AF85B300BAD3CD /* SocialiseTests */ = {
			isa = PBXNativeTarget;
			buildConfigurationList = F85296BC20AF85B300BAD3CD /* Build configuration list for PBXNativeTarget "SocialiseTests" */;
			buildPhases = (
				4E858C5DDBB8C82BB06259B6 /* [CP] Check Pods Manifest.lock */,
				F85296A120AF85B300BAD3CD /* Sources */,
				F85296A220AF85B300BAD3CD /* Frameworks */,
				F85296A320AF85B300BAD3CD /* Resources */,
			);
			buildRules = (
			);
			dependencies = (
				F85296A720AF85B300BAD3CD /* PBXTargetDependency */,
			);
			name = SocialiseTests;
			productName = SocialiseTests;
			productReference = F85296A520AF85B300BAD3CD /* SocialiseTests.xctest */;
			productType = "com.apple.product-type.bundle.unit-test";
		};
		F85296AF20AF85B300BAD3CD /* SocialiseUITests */ = {
			isa = PBXNativeTarget;
			buildConfigurationList = F85296BF20AF85B300BAD3CD /* Build configuration list for PBXNativeTarget "SocialiseUITests" */;
			buildPhases = (
				859BF9AC30B30AE6C1261FA1 /* [CP] Check Pods Manifest.lock */,
				F85296AC20AF85B300BAD3CD /* Sources */,
				F85296AD20AF85B300BAD3CD /* Frameworks */,
				F85296AE20AF85B300BAD3CD /* Resources */,
			);
			buildRules = (
			);
			dependencies = (
				F85296B220AF85B300BAD3CD /* PBXTargetDependency */,
			);
			name = SocialiseUITests;
			productName = SocialiseUITests;
			productReference = F85296B020AF85B300BAD3CD /* SocialiseUITests.xctest */;
			productType = "com.apple.product-type.bundle.ui-testing";
		};
/* End PBXNativeTarget section */

/* Begin PBXProject section */
		F852968920AF85AE00BAD3CD /* Project object */ = {
			isa = PBXProject;
			attributes = {
				LastSwiftUpdateCheck = 0940;
				LastUpgradeCheck = 0940;
				ORGANIZATIONNAME = "Andrew Miller";
				TargetAttributes = {
					F852969020AF85AE00BAD3CD = {
						CreatedOnToolsVersion = 9.4;
						SystemCapabilities = {
							com.apple.Keychain = {
								enabled = 1;
							};
						};
					};
					F85296A420AF85B300BAD3CD = {
						CreatedOnToolsVersion = 9.4;
						TestTargetID = F852969020AF85AE00BAD3CD;
					};
					F85296AF20AF85B300BAD3CD = {
						CreatedOnToolsVersion = 9.4;
						TestTargetID = F852969020AF85AE00BAD3CD;
					};
				};
			};
			buildConfigurationList = F852968C20AF85AE00BAD3CD /* Build configuration list for PBXProject "Socialise" */;
			compatibilityVersion = "Xcode 9.3";
			developmentRegion = en;
			hasScannedForEncodings = 0;
			knownRegions = (
				en,
				Base,
			);
			mainGroup = F852968820AF85AE00BAD3CD;
			productRefGroup = F852969220AF85AE00BAD3CD /* Products */;
			projectDirPath = "";
			projectRoot = "";
			targets = (
				F852969020AF85AE00BAD3CD /* Socialise */,
				F85296A420AF85B300BAD3CD /* SocialiseTests */,
				F85296AF20AF85B300BAD3CD /* SocialiseUITests */,
			);
		};
/* End PBXProject section */

/* Begin PBXResourcesBuildPhase section */
		F852968F20AF85AE00BAD3CD /* Resources */ = {
			isa = PBXResourcesBuildPhase;
			buildActionMask = 2147483647;
			files = (
				F852969F20AF85B200BAD3CD /* LaunchScreen.storyboard in Resources */,
				F85296C320AF865000BAD3CD /* GoogleService-Info.plist in Resources */,
				F852969C20AF85B200BAD3CD /* Assets.xcassets in Resources */,
				F852969A20AF85AE00BAD3CD /* Main.storyboard in Resources */,
			);
			runOnlyForDeploymentPostprocessing = 0;
		};
		F85296A320AF85B300BAD3CD /* Resources */ = {
			isa = PBXResourcesBuildPhase;
			buildActionMask = 2147483647;
			files = (
			);
			runOnlyForDeploymentPostprocessing = 0;
		};
		F85296AE20AF85B300BAD3CD /* Resources */ = {
			isa = PBXResourcesBuildPhase;
			buildActionMask = 2147483647;
			files = (
			);
			runOnlyForDeploymentPostprocessing = 0;
		};
/* End PBXResourcesBuildPhase section */

/* Begin PBXShellScriptBuildPhase section */
		3CED9B09822ACA751D0341E8 /* [CP] Embed Pods Frameworks */ = {
			isa = PBXShellScriptBuildPhase;
			buildActionMask = 2147483647;
			files = (
			);
			inputPaths = (
				"${SRCROOT}/Pods/Target Support Files/Pods-Socialise/Pods-Socialise-frameworks.sh",
				"${BUILT_PRODUCTS_DIR}/Bolts/Bolts.framework",
				"${BUILT_PRODUCTS_DIR}/FBSDKCoreKit/FBSDKCoreKit.framework",
				"${BUILT_PRODUCTS_DIR}/FBSDKLoginKit/FBSDKLoginKit.framework",
				"${BUILT_PRODUCTS_DIR}/GTMSessionFetcher/GTMSessionFetcher.framework",
				"${BUILT_PRODUCTS_DIR}/GoogleToolboxForMac/GoogleToolboxForMac.framework",
				"${BUILT_PRODUCTS_DIR}/SwiftKeychainWrapper/SwiftKeychainWrapper.framework",
				"${BUILT_PRODUCTS_DIR}/leveldb-library/leveldb.framework",
				"${BUILT_PRODUCTS_DIR}/nanopb/nanopb.framework",
			);
			name = "[CP] Embed Pods Frameworks";
			outputPaths = (
				"${TARGET_BUILD_DIR}/${FRAMEWORKS_FOLDER_PATH}/Bolts.framework",
				"${TARGET_BUILD_DIR}/${FRAMEWORKS_FOLDER_PATH}/FBSDKCoreKit.framework",
				"${TARGET_BUILD_DIR}/${FRAMEWORKS_FOLDER_PATH}/FBSDKLoginKit.framework",
				"${TARGET_BUILD_DIR}/${FRAMEWORKS_FOLDER_PATH}/GTMSessionFetcher.framework",
				"${TARGET_BUILD_DIR}/${FRAMEWORKS_FOLDER_PATH}/GoogleToolboxForMac.framework",
				"${TARGET_BUILD_DIR}/${FRAMEWORKS_FOLDER_PATH}/SwiftKeychainWrapper.framework",
				"${TARGET_BUILD_DIR}/${FRAMEWORKS_FOLDER_PATH}/leveldb.framework",
				"${TARGET_BUILD_DIR}/${FRAMEWORKS_FOLDER_PATH}/nanopb.framework",
			);
			runOnlyForDeploymentPostprocessing = 0;
			shellPath = /bin/sh;
			shellScript = "\"${SRCROOT}/Pods/Target Support Files/Pods-Socialise/Pods-Socialise-frameworks.sh\"\n";
			showEnvVarsInLog = 0;
		};
		4E858C5DDBB8C82BB06259B6 /* [CP] Check Pods Manifest.lock */ = {
			isa = PBXShellScriptBuildPhase;
			buildActionMask = 2147483647;
			files = (
			);
			inputPaths = (
				"${PODS_PODFILE_DIR_PATH}/Podfile.lock",
				"${PODS_ROOT}/Manifest.lock",
			);
			name = "[CP] Check Pods Manifest.lock";
			outputPaths = (
				"$(DERIVED_FILE_DIR)/Pods-SocialiseTests-checkManifestLockResult.txt",
			);
			runOnlyForDeploymentPostprocessing = 0;
			shellPath = /bin/sh;
			shellScript = "diff \"${PODS_PODFILE_DIR_PATH}/Podfile.lock\" \"${PODS_ROOT}/Manifest.lock\" > /dev/null\nif [ $? != 0 ] ; then\n    # print error to STDERR\n    echo \"error: The sandbox is not in sync with the Podfile.lock. Run 'pod install' or update your CocoaPods installation.\" >&2\n    exit 1\nfi\n# This output is used by Xcode 'outputs' to avoid re-running this script phase.\necho \"SUCCESS\" > \"${SCRIPT_OUTPUT_FILE_0}\"\n";
			showEnvVarsInLog = 0;
		};
		859BF9AC30B30AE6C1261FA1 /* [CP] Check Pods Manifest.lock */ = {
			isa = PBXShellScriptBuildPhase;
			buildActionMask = 2147483647;
			files = (
			);
			inputPaths = (
				"${PODS_PODFILE_DIR_PATH}/Podfile.lock",
				"${PODS_ROOT}/Manifest.lock",
			);
			name = "[CP] Check Pods Manifest.lock";
			outputPaths = (
				"$(DERIVED_FILE_DIR)/Pods-SocialiseUITests-checkManifestLockResult.txt",
			);
			runOnlyForDeploymentPostprocessing = 0;
			shellPath = /bin/sh;
			shellScript = "diff \"${PODS_PODFILE_DIR_PATH}/Podfile.lock\" \"${PODS_ROOT}/Manifest.lock\" > /dev/null\nif [ $? != 0 ] ; then\n    # print error to STDERR\n    echo \"error: The sandbox is not in sync with the Podfile.lock. Run 'pod install' or update your CocoaPods installation.\" >&2\n    exit 1\nfi\n# This output is used by Xcode 'outputs' to avoid re-running this script phase.\necho \"SUCCESS\" > \"${SCRIPT_OUTPUT_FILE_0}\"\n";
			showEnvVarsInLog = 0;
		};
		C623740A089E9A9C25F322FF /* [CP] Check Pods Manifest.lock */ = {
			isa = PBXShellScriptBuildPhase;
			buildActionMask = 2147483647;
			files = (
			);
			inputPaths = (
				"${PODS_PODFILE_DIR_PATH}/Podfile.lock",
				"${PODS_ROOT}/Manifest.lock",
			);
			name = "[CP] Check Pods Manifest.lock";
			outputPaths = (
				"$(DERIVED_FILE_DIR)/Pods-Socialise-checkManifestLockResult.txt",
			);
			runOnlyForDeploymentPostprocessing = 0;
			shellPath = /bin/sh;
			shellScript = "diff \"${PODS_PODFILE_DIR_PATH}/Podfile.lock\" \"${PODS_ROOT}/Manifest.lock\" > /dev/null\nif [ $? != 0 ] ; then\n    # print error to STDERR\n    echo \"error: The sandbox is not in sync with the Podfile.lock. Run 'pod install' or update your CocoaPods installation.\" >&2\n    exit 1\nfi\n# This output is used by Xcode 'outputs' to avoid re-running this script phase.\necho \"SUCCESS\" > \"${SCRIPT_OUTPUT_FILE_0}\"\n";
			showEnvVarsInLog = 0;
		};
/* End PBXShellScriptBuildPhase section */

/* Begin PBXSourcesBuildPhase section */
		F852968D20AF85AE00BAD3CD /* Sources */ = {
			isa = PBXSourcesBuildPhase;
			buildActionMask = 2147483647;
			files = (
				F8C3EB5720C5E2A800F65C74 /* FancyBtn.swift in Sources */,
				F8BCC8FA20C735A500EFA044 /* FeedVC.swift in Sources */,
				F852969720AF85AE00BAD3CD /* SignInVC.swift in Sources */,
				F893EFFA20B489330006827B /* RoundBtn.swift in Sources */,
				F852969520AF85AE00BAD3CD /* AppDelegate.swift in Sources */,
				F893EFF520B487890006827B /* FancyView.swift in Sources */,
				F8C3EB5920C5E47400F65C74 /* FancyField.swift in Sources */,
				F893EFF820B487E50006827B /* Constants.swift in Sources */,
			);
			runOnlyForDeploymentPostprocessing = 0;
		};
		F85296A120AF85B300BAD3CD /* Sources */ = {
			isa = PBXSourcesBuildPhase;
			buildActionMask = 2147483647;
			files = (
				F85296AA20AF85B300BAD3CD /* SocialiseTests.swift in Sources */,
			);
			runOnlyForDeploymentPostprocessing = 0;
		};
		F85296AC20AF85B300BAD3CD /* Sources */ = {
			isa = PBXSourcesBuildPhase;
			buildActionMask = 2147483647;
			files = (
				F85296B520AF85B300BAD3CD /* SocialiseUITests.swift in Sources */,
			);
			runOnlyForDeploymentPostprocessing = 0;
		};
/* End PBXSourcesBuildPhase section */

/* Begin PBXTargetDependency section */
		F85296A720AF85B300BAD3CD /* PBXTargetDependency */ = {
			isa = PBXTargetDependency;
			target = F852969020AF85AE00BAD3CD /* Socialise */;
			targetProxy = F85296A620AF85B300BAD3CD /* PBXContainerItemProxy */;
		};
		F85296B220AF85B300BAD3CD /* PBXTargetDependency */ = {
			isa = PBXTargetDependency;
			target = F852969020AF85AE00BAD3CD /* Socialise */;
			targetProxy = F85296B120AF85B300BAD3CD /* PBXContainerItemProxy */;
		};
/* End PBXTargetDependency section */

/* Begin PBXVariantGroup section */
		F852969820AF85AE00BAD3CD /* Main.storyboard */ = {
			isa = PBXVariantGroup;
			children = (
				F852969920AF85AE00BAD3CD /* Base */,
			);
			name = Main.storyboard;
			sourceTree = "<group>";
		};
		F852969D20AF85B200BAD3CD /* LaunchScreen.storyboard */ = {
			isa = PBXVariantGroup;
			children = (
				F852969E20AF85B200BAD3CD /* Base */,
			);
			name = LaunchScreen.storyboard;
			sourceTree = "<group>";
		};
/* End PBXVariantGroup section */

/* Begin XCBuildConfiguration section */
		F85296B720AF85B300BAD3CD /* Debug */ = {
			isa = XCBuildConfiguration;
			buildSettings = {
				ALWAYS_SEARCH_USER_PATHS = NO;
				CLANG_ANALYZER_NONNULL = YES;
				CLANG_ANALYZER_NUMBER_OBJECT_CONVERSION = YES_AGGRESSIVE;
				CLANG_CXX_LANGUAGE_STANDARD = "gnu++14";
				CLANG_CXX_LIBRARY = "libc++";
				CLANG_ENABLE_MODULES = YES;
				CLANG_ENABLE_OBJC_ARC = YES;
				CLANG_ENABLE_OBJC_WEAK = YES;
				CLANG_WARN_BLOCK_CAPTURE_AUTORELEASING = YES;
				CLANG_WARN_BOOL_CONVERSION = YES;
				CLANG_WARN_COMMA = YES;
				CLANG_WARN_CONSTANT_CONVERSION = YES;
				CLANG_WARN_DEPRECATED_OBJC_IMPLEMENTATIONS = YES;
				CLANG_WARN_DIRECT_OBJC_ISA_USAGE = YES_ERROR;
				CLANG_WARN_DOCUMENTATION_COMMENTS = YES;
				CLANG_WARN_EMPTY_BODY = YES;
				CLANG_WARN_ENUM_CONVERSION = YES;
				CLANG_WARN_INFINITE_RECURSION = YES;
				CLANG_WARN_INT_CONVERSION = YES;
				CLANG_WARN_NON_LITERAL_NULL_CONVERSION = YES;
				CLANG_WARN_OBJC_IMPLICIT_RETAIN_SELF = YES;
				CLANG_WARN_OBJC_LITERAL_CONVERSION = YES;
				CLANG_WARN_OBJC_ROOT_CLASS = YES_ERROR;
				CLANG_WARN_RANGE_LOOP_ANALYSIS = YES;
				CLANG_WARN_STRICT_PROTOTYPES = YES;
				CLANG_WARN_SUSPICIOUS_MOVE = YES;
				CLANG_WARN_UNGUARDED_AVAILABILITY = YES_AGGRESSIVE;
				CLANG_WARN_UNREACHABLE_CODE = YES;
				CLANG_WARN__DUPLICATE_METHOD_MATCH = YES;
				CODE_SIGN_IDENTITY = "iPhone Developer";
				COPY_PHASE_STRIP = NO;
				DEBUG_INFORMATION_FORMAT = dwarf;
				ENABLE_STRICT_OBJC_MSGSEND = YES;
				ENABLE_TESTABILITY = YES;
				GCC_C_LANGUAGE_STANDARD = gnu11;
				GCC_DYNAMIC_NO_PIC = NO;
				GCC_NO_COMMON_BLOCKS = YES;
				GCC_OPTIMIZATION_LEVEL = 0;
				GCC_PREPROCESSOR_DEFINITIONS = (
					"DEBUG=1",
					"$(inherited)",
				);
				GCC_WARN_64_TO_32_BIT_CONVERSION = YES;
				GCC_WARN_ABOUT_RETURN_TYPE = YES_ERROR;
				GCC_WARN_UNDECLARED_SELECTOR = YES;
				GCC_WARN_UNINITIALIZED_AUTOS = YES_AGGRESSIVE;
				GCC_WARN_UNUSED_FUNCTION = YES;
				GCC_WARN_UNUSED_VARIABLE = YES;
				IPHONEOS_DEPLOYMENT_TARGET = 11.4;
				MTL_ENABLE_DEBUG_INFO = YES;
				ONLY_ACTIVE_ARCH = YES;
				SDKROOT = iphoneos;
				SWIFT_ACTIVE_COMPILATION_CONDITIONS = DEBUG;
				SWIFT_OPTIMIZATION_LEVEL = "-Onone";
			};
			name = Debug;
		};
		F85296B820AF85B300BAD3CD /* Release */ = {
			isa = XCBuildConfiguration;
			buildSettings = {
				ALWAYS_SEARCH_USER_PATHS = NO;
				CLANG_ANALYZER_NONNULL = YES;
				CLANG_ANALYZER_NUMBER_OBJECT_CONVERSION = YES_AGGRESSIVE;
				CLANG_CXX_LANGUAGE_STANDARD = "gnu++14";
				CLANG_CXX_LIBRARY = "libc++";
				CLANG_ENABLE_MODULES = YES;
				CLANG_ENABLE_OBJC_ARC = YES;
				CLANG_ENABLE_OBJC_WEAK = YES;
				CLANG_WARN_BLOCK_CAPTURE_AUTORELEASING = YES;
				CLANG_WARN_BOOL_CONVERSION = YES;
				CLANG_WARN_COMMA = YES;
				CLANG_WARN_CONSTANT_CONVERSION = YES;
				CLANG_WARN_DEPRECATED_OBJC_IMPLEMENTATIONS = YES;
				CLANG_WARN_DIRECT_OBJC_ISA_USAGE = YES_ERROR;
				CLANG_WARN_DOCUMENTATION_COMMENTS = YES;
				CLANG_WARN_EMPTY_BODY = YES;
				CLANG_WARN_ENUM_CONVERSION = YES;
				CLANG_WARN_INFINITE_RECURSION = YES;
				CLANG_WARN_INT_CONVERSION = YES;
				CLANG_WARN_NON_LITERAL_NULL_CONVERSION = YES;
				CLANG_WARN_OBJC_IMPLICIT_RETAIN_SELF = YES;
				CLANG_WARN_OBJC_LITERAL_CONVERSION = YES;
				CLANG_WARN_OBJC_ROOT_CLASS = YES_ERROR;
				CLANG_WARN_RANGE_LOOP_ANALYSIS = YES;
				CLANG_WARN_STRICT_PROTOTYPES = YES;
				CLANG_WARN_SUSPICIOUS_MOVE = YES;
				CLANG_WARN_UNGUARDED_AVAILABILITY = YES_AGGRESSIVE;
				CLANG_WARN_UNREACHABLE_CODE = YES;
				CLANG_WARN__DUPLICATE_METHOD_MATCH = YES;
				CODE_SIGN_IDENTITY = "iPhone Developer";
				COPY_PHASE_STRIP = NO;
				DEBUG_INFORMATION_FORMAT = "dwarf-with-dsym";
				ENABLE_NS_ASSERTIONS = NO;
				ENABLE_STRICT_OBJC_MSGSEND = YES;
				GCC_C_LANGUAGE_STANDARD = gnu11;
				GCC_NO_COMMON_BLOCKS = YES;
				GCC_WARN_64_TO_32_BIT_CONVERSION = YES;
				GCC_WARN_ABOUT_RETURN_TYPE = YES_ERROR;
				GCC_WARN_UNDECLARED_SELECTOR = YES;
				GCC_WARN_UNINITIALIZED_AUTOS = YES_AGGRESSIVE;
				GCC_WARN_UNUSED_FUNCTION = YES;
				GCC_WARN_UNUSED_VARIABLE = YES;
				IPHONEOS_DEPLOYMENT_TARGET = 11.4;
				MTL_ENABLE_DEBUG_INFO = NO;
				SDKROOT = iphoneos;
				SWIFT_COMPILATION_MODE = wholemodule;
				SWIFT_OPTIMIZATION_LEVEL = "-O";
				VALIDATE_PRODUCT = YES;
			};
			name = Release;
		};
		F85296BA20AF85B300BAD3CD /* Debug */ = {
			isa = XCBuildConfiguration;
			baseConfigurationReference = A23657A1B846E37AC5F43072 /* Pods-Socialise.debug.xcconfig */;
			buildSettings = {
				ASSETCATALOG_COMPILER_APPICON_NAME = AppIcon;
				CODE_SIGN_ENTITLEMENTS = Socialise/Socialise.entitlements;
				CODE_SIGN_STYLE = Automatic;
				DEVELOPMENT_TEAM = 67H43KT2PM;
				INFOPLIST_FILE = Socialise/Info.plist;
				LD_RUNPATH_SEARCH_PATHS = (
					"$(inherited)",
					"@executable_path/Frameworks",
				);
				PRODUCT_BUNDLE_IDENTIFIER = com.andrewmiller167.Socialise;
				PRODUCT_NAME = "$(TARGET_NAME)";
				SWIFT_VERSION = 4.0;
				TARGETED_DEVICE_FAMILY = "1,2";
			};
			name = Debug;
		};
		F85296BB20AF85B300BAD3CD /* Release */ = {
			isa = XCBuildConfiguration;
			baseConfigurationReference = 1FE4F917B54C0A57E8B76060 /* Pods-Socialise.release.xcconfig */;
			buildSettings = {
				ASSETCATALOG_COMPILER_APPICON_NAME = AppIcon;
				CODE_SIGN_ENTITLEMENTS = Socialise/Socialise.entitlements;
				CODE_SIGN_STYLE = Automatic;
				DEVELOPMENT_TEAM = 67H43KT2PM;
				INFOPLIST_FILE = Socialise/Info.plist;
				LD_RUNPATH_SEARCH_PATHS = (
					"$(inherited)",
					"@executable_path/Frameworks",
				);
				PRODUCT_BUNDLE_IDENTIFIER = com.andrewmiller167.Socialise;
				PRODUCT_NAME = "$(TARGET_NAME)";
				SWIFT_VERSION = 4.0;
				TARGETED_DEVICE_FAMILY = "1,2";
			};
			name = Release;
		};
		F85296BD20AF85B300BAD3CD /* Debug */ = {
			isa = XCBuildConfiguration;
			baseConfigurationReference = CF458AEDA7CD372E0BBD0617 /* Pods-SocialiseTests.debug.xcconfig */;
			buildSettings = {
				ALWAYS_EMBED_SWIFT_STANDARD_LIBRARIES = YES;
				BUNDLE_LOADER = "$(TEST_HOST)";
				CODE_SIGN_STYLE = Automatic;
				DEVELOPMENT_TEAM = 67H43KT2PM;
				INFOPLIST_FILE = SocialiseTests/Info.plist;
				LD_RUNPATH_SEARCH_PATHS = (
					"$(inherited)",
					"@executable_path/Frameworks",
					"@loader_path/Frameworks",
				);
				PRODUCT_BUNDLE_IDENTIFIER = com.andrewmiller167.SocialiseTests;
				PRODUCT_NAME = "$(TARGET_NAME)";
				SWIFT_VERSION = 4.0;
				TARGETED_DEVICE_FAMILY = "1,2";
				TEST_HOST = "$(BUILT_PRODUCTS_DIR)/Socialise.app/Socialise";
			};
			name = Debug;
		};
		F85296BE20AF85B300BAD3CD /* Release */ = {
			isa = XCBuildConfiguration;
			baseConfigurationReference = FFDC2692AF63AD7B3F07F6BD /* Pods-SocialiseTests.release.xcconfig */;
			buildSettings = {
				ALWAYS_EMBED_SWIFT_STANDARD_LIBRARIES = YES;
				BUNDLE_LOADER = "$(TEST_HOST)";
				CODE_SIGN_STYLE = Automatic;
				DEVELOPMENT_TEAM = 67H43KT2PM;
				INFOPLIST_FILE = SocialiseTests/Info.plist;
				LD_RUNPATH_SEARCH_PATHS = (
					"$(inherited)",
					"@executable_path/Frameworks",
					"@loader_path/Frameworks",
				);
				PRODUCT_BUNDLE_IDENTIFIER = com.andrewmiller167.SocialiseTests;
				PRODUCT_NAME = "$(TARGET_NAME)";
				SWIFT_VERSION = 4.0;
				TARGETED_DEVICE_FAMILY = "1,2";
				TEST_HOST = "$(BUILT_PRODUCTS_DIR)/Socialise.app/Socialise";
			};
			name = Release;
		};
		F85296C020AF85B300BAD3CD /* Debug */ = {
			isa = XCBuildConfiguration;
			baseConfigurationReference = 1ABC54C4AD8FC7497B55C1C3 /* Pods-SocialiseUITests.debug.xcconfig */;
			buildSettings = {
				ALWAYS_EMBED_SWIFT_STANDARD_LIBRARIES = YES;
				CODE_SIGN_STYLE = Automatic;
				DEVELOPMENT_TEAM = 67H43KT2PM;
				INFOPLIST_FILE = SocialiseUITests/Info.plist;
				LD_RUNPATH_SEARCH_PATHS = (
					"$(inherited)",
					"@executable_path/Frameworks",
					"@loader_path/Frameworks",
				);
				PRODUCT_BUNDLE_IDENTIFIER = com.andrewmiller167.SocialiseUITests;
				PRODUCT_NAME = "$(TARGET_NAME)";
				SWIFT_VERSION = 4.0;
				TARGETED_DEVICE_FAMILY = "1,2";
				TEST_TARGET_NAME = Socialise;
			};
			name = Debug;
		};
		F85296C120AF85B300BAD3CD /* Release */ = {
			isa = XCBuildConfiguration;
			baseConfigurationReference = 6A724DEBBFEC3A794BDDD0AF /* Pods-SocialiseUITests.release.xcconfig */;
			buildSettings = {
				ALWAYS_EMBED_SWIFT_STANDARD_LIBRARIES = YES;
				CODE_SIGN_STYLE = Automatic;
				DEVELOPMENT_TEAM = 67H43KT2PM;
				INFOPLIST_FILE = SocialiseUITests/Info.plist;
				LD_RUNPATH_SEARCH_PATHS = (
					"$(inherited)",
					"@executable_path/Frameworks",
					"@loader_path/Frameworks",
				);
				PRODUCT_BUNDLE_IDENTIFIER = com.andrewmiller167.SocialiseUITests;
				PRODUCT_NAME = "$(TARGET_NAME)";
				SWIFT_VERSION = 4.0;
				TARGETED_DEVICE_FAMILY = "1,2";
				TEST_TARGET_NAME = Socialise;
			};
			name = Release;
		};
/* End XCBuildConfiguration section */

/* Begin XCConfigurationList section */
		F852968C20AF85AE00BAD3CD /* Build configuration list for PBXProject "Socialise" */ = {
			isa = XCConfigurationList;
			buildConfigurations = (
				F85296B720AF85B300BAD3CD /* Debug */,
				F85296B820AF85B300BAD3CD /* Release */,
			);
			defaultConfigurationIsVisible = 0;
			defaultConfigurationName = Release;
		};
		F85296B920AF85B300BAD3CD /* Build configuration list for PBXNativeTarget "Socialise" */ = {
			isa = XCConfigurationList;
			buildConfigurations = (
				F85296BA20AF85B300BAD3CD /* Debug */,
				F85296BB20AF85B300BAD3CD /* Release */,
			);
			defaultConfigurationIsVisible = 0;
			defaultConfigurationName = Release;
		};
		F85296BC20AF85B300BAD3CD /* Build configuration list for PBXNativeTarget "SocialiseTests" */ = {
			isa = XCConfigurationList;
			buildConfigurations = (
				F85296BD20AF85B300BAD3CD /* Debug */,
				F85296BE20AF85B300BAD3CD /* Release */,
			);
			defaultConfigurationIsVisible = 0;
			defaultConfigurationName = Release;
		};
		F85296BF20AF85B300BAD3CD /* Build configuration list for PBXNativeTarget "SocialiseUITests" */ = {
			isa = XCConfigurationList;
			buildConfigurations = (
				F85296C020AF85B300BAD3CD /* Debug */,
				F85296C120AF85B300BAD3CD /* Release */,
			);
			defaultConfigurationIsVisible = 0;
			defaultConfigurationName = Release;
		};
/* End XCConfigurationList section */
	};
	rootObject = F852968920AF85AE00BAD3CD /* Project object */;
}
